
Microsoft Visual Studio Solution File, Format Version 12.00
# Visual Studio 15
VisualStudioVersion = 15.0.27130.2010
MinimumVisualStudioVersion = 10.0.40219.1
Project("{9A19103F-16F7-4668-BE54-9A1E7A4F7556}") = "CODE.Framework.Services.Server.AspNetCore", "CODE.Framework.Services.Server.AspNetCore\CODE.Framework.Services.Server.AspNetCore.csproj", "{30D28BF8-4665-4F52-95A6-26A69E8A916A}"
EndProject
Project("{9A19103F-16F7-4668-BE54-9A1E7A4F7556}") = "Sample.Contracts", "Sample.Contracts\Sample.Contracts.csproj", "{084D9BEB-A4D3-460E-96CE-482F95785BD8}"
EndProject
Project("{9A19103F-16F7-4668-BE54-9A1E7A4F7556}") = "Sample.Services.Implementation", "Sample.Services.Implementation\Sample.Services.Implementation.csproj", "{32A47A88-EB80-4B1F-A90B-51E643CF0B7B}"
EndProject
Project("{9A19103F-16F7-4668-BE54-9A1E7A4F7556}") = "CODE.Framework.Services.Contracts", "CODE.Framework.Services.Contracts\CODE.Framework.Services.Contracts.csproj", "{760223CB-9295-48D3-9EDF-F55BEE0450DE}"
EndProject
Project("{9A19103F-16F7-4668-BE54-9A1E7A4F7556}") = "CODE.Framework.Services.Server.AspNetCore.DockerService", "CODE.Framework.Services.Server.AspNetCore.DockerService\CODE.Framework.Services.Server.AspNetCore.DockerService.csproj", "{02A22A1A-DB3F-4865-8079-26C23843A09B}"
EndProject
Project("{9A19103F-16F7-4668-BE54-9A1E7A4F7556}") = "Sample.Web", "Sample.Web\Sample.Web.csproj", "{E05724B3-74E6-4AA5-B3FB-1ACF6D04D31A}"
EndProject
Project("{2150E333-8FDC-42A3-9474-1A3956D46DE8}") = "Samples", "Samples", "{4E6A9139-5306-4FF5-B900-A92EB4B92730}"
EndProject
Project("{FAE04EC0-301F-11D3-BF4B-00C04F79EFBC}") = "CODE.Framework.Fundamentals", "CODE.Framework.Fundamentals\CODE.Framework.Fundamentals.csproj", "{43CE0DB3-CC7F-42E5-8C67-A7B8808F7DD4}"
EndProject
Global
	GlobalSection(SolutionConfigurationPlatforms) = preSolution
		Debug|Any CPU = Debug|Any CPU
		Release|Any CPU = Release|Any CPU
	EndGlobalSection
	GlobalSection(ProjectConfigurationPlatforms) = postSolution
		{30D28BF8-4665-4F52-95A6-26A69E8A916A}.Debug|Any CPU.ActiveCfg = Debug|Any CPU
		{30D28BF8-4665-4F52-95A6-26A69E8A916A}.Debug|Any CPU.Build.0 = Debug|Any CPU
		{30D28BF8-4665-4F52-95A6-26A69E8A916A}.Release|Any CPU.ActiveCfg = Release|Any CPU
		{30D28BF8-4665-4F52-95A6-26A69E8A916A}.Release|Any CPU.Build.0 = Release|Any CPU
		{084D9BEB-A4D3-460E-96CE-482F95785BD8}.Debug|Any CPU.ActiveCfg = Debug|Any CPU
		{084D9BEB-A4D3-460E-96CE-482F95785BD8}.Debug|Any CPU.Build.0 = Debug|Any CPU
		{084D9BEB-A4D3-460E-96CE-482F95785BD8}.Release|Any CPU.ActiveCfg = Release|Any CPU
		{084D9BEB-A4D3-460E-96CE-482F95785BD8}.Release|Any CPU.Build.0 = Release|Any CPU
		{32A47A88-EB80-4B1F-A90B-51E643CF0B7B}.Debug|Any CPU.ActiveCfg = Debug|Any CPU
		{32A47A88-EB80-4B1F-A90B-51E643CF0B7B}.Debug|Any CPU.Build.0 = Debug|Any CPU
		{32A47A88-EB80-4B1F-A90B-51E643CF0B7B}.Release|Any CPU.ActiveCfg = Release|Any CPU
		{32A47A88-EB80-4B1F-A90B-51E643CF0B7B}.Release|Any CPU.Build.0 = Release|Any CPU
		{760223CB-9295-48D3-9EDF-F55BEE0450DE}.Debug|Any CPU.ActiveCfg = Debug|Any CPU
		{760223CB-9295-48D3-9EDF-F55BEE0450DE}.Debug|Any CPU.Build.0 = Debug|Any CPU
		{760223CB-9295-48D3-9EDF-F55BEE0450DE}.Release|Any CPU.ActiveCfg = Release|Any CPU
		{760223CB-9295-48D3-9EDF-F55BEE0450DE}.Release|Any CPU.Build.0 = Release|Any CPU
		{02A22A1A-DB3F-4865-8079-26C23843A09B}.Debug|Any CPU.ActiveCfg = Debug|Any CPU
		{02A22A1A-DB3F-4865-8079-26C23843A09B}.Debug|Any CPU.Build.0 = Debug|Any CPU
		{02A22A1A-DB3F-4865-8079-26C23843A09B}.Release|Any CPU.ActiveCfg = Release|Any CPU
		{02A22A1A-DB3F-4865-8079-26C23843A09B}.Release|Any CPU.Build.0 = Release|Any CPU
		{E05724B3-74E6-4AA5-B3FB-1ACF6D04D31A}.Debug|Any CPU.ActiveCfg = Debug|Any CPU
		{E05724B3-74E6-4AA5-B3FB-1ACF6D04D31A}.Debug|Any CPU.Build.0 = Debug|Any CPU
		{E05724B3-74E6-4AA5-B3FB-1ACF6D04D31A}.Release|Any CPU.ActiveCfg = Release|Any CPU
		{E05724B3-74E6-4AA5-B3FB-1ACF6D04D31A}.Release|Any CPU.Build.0 = Release|Any CPU
		{43CE0DB3-CC7F-42E5-8C67-A7B8808F7DD4}.Debug|Any CPU.ActiveCfg = Debug|Any CPU
		{43CE0DB3-CC7F-42E5-8C67-A7B8808F7DD4}.Debug|Any CPU.Build.0 = Debug|Any CPU
		{43CE0DB3-CC7F-42E5-8C67-A7B8808F7DD4}.Release|Any CPU.ActiveCfg = Release|Any CPU
		{43CE0DB3-CC7F-42E5-8C67-A7B8808F7DD4}.Release|Any CPU.Build.0 = Release|Any CPU
	EndGlobalSection
	GlobalSection(SolutionProperties) = preSolution
		HideSolutionNode = FALSE
	EndGlobalSection
	GlobalSection(NestedProjects) = preSolution
		{084D9BEB-A4D3-460E-96CE-482F95785BD8} = {4E6A9139-5306-4FF5-B900-A92EB4B92730}
		{32A47A88-EB80-4B1F-A90B-51E643CF0B7B} = {4E6A9139-5306-4FF5-B900-A92EB4B92730}
		{E05724B3-74E6-4AA5-B3FB-1ACF6D04D31A} = {4E6A9139-5306-4FF5-B900-A92EB4B92730}
	EndGlobalSection
	GlobalSection(ExtensibilityGlobals) = postSolution
		SolutionGuid = {8BEB6227-12A9-4DBF-B5E1-1BEA1177E991}
	EndGlobalSection
EndGlobal
